// !$*UTF8*$!
{
	archiveVersion = 1;
	classes = {
	};
	objectVersion = 50;
	objects = {

/* Begin PBXBuildFile section */
		5C73B22C21E1EE9E007D520A /* AppDelegate.swift in Sources */ = {isa = PBXBuildFile; fileRef = 5C73B22B21E1EE9E007D520A /* AppDelegate.swift */; };
		5C73B22E21E1EE9E007D520A /* ViewController.swift in Sources */ = {isa = PBXBuildFile; fileRef = 5C73B22D21E1EE9E007D520A /* ViewController.swift */; };
		5C73B23121E1EE9E007D520A /* Main.storyboard in Resources */ = {isa = PBXBuildFile; fileRef = 5C73B22F21E1EE9E007D520A /* Main.storyboard */; };
		5C73B23321E1EEA0007D520A /* Assets.xcassets in Resources */ = {isa = PBXBuildFile; fileRef = 5C73B23221E1EEA0007D520A /* Assets.xcassets */; };
		5C73B23621E1EEA0007D520A /* LaunchScreen.storyboard in Resources */ = {isa = PBXBuildFile; fileRef = 5C73B23421E1EEA0007D520A /* LaunchScreen.storyboard */; };
		5CB345FF21E3BB180046E590 /* SelectGenreViewController.swift in Sources */ = {isa = PBXBuildFile; fileRef = 5CB345FE21E3BB180046E590 /* SelectGenreViewController.swift */; };
		5CCE02C721E1F092009BE09E /* RecordWhistleViewController.swift in Sources */ = {isa = PBXBuildFile; fileRef = 5CCE02C621E1F092009BE09E /* RecordWhistleViewController.swift */; };
/* End PBXBuildFile section */

/* Begin PBXFileReference section */
		5C73B22821E1EE9E007D520A /* What's that Whistle.app */ = {isa = PBXFileReference; explicitFileType = wrapper.application; includeInIndex = 0; path = "What's that Whistle.app"; sourceTree = BUILT_PRODUCTS_DIR; };
		5C73B22B21E1EE9E007D520A /* AppDelegate.swift */ = {isa = PBXFileReference; lastKnownFileType = sourcecode.swift; path = AppDelegate.swift; sourceTree = "<group>"; };
		5C73B22D21E1EE9E007D520A /* ViewController.swift */ = {isa = PBXFileReference; lastKnownFileType = sourcecode.swift; path = ViewController.swift; sourceTree = "<group>"; };
		5C73B23021E1EE9E007D520A /* Base */ = {isa = PBXFileReference; lastKnownFileType = file.storyboard; name = Base; path = Base.lproj/Main.storyboard; sourceTree = "<group>"; };
		5C73B23221E1EEA0007D520A /* Assets.xcassets */ = {isa = PBXFileReference; lastKnownFileType = folder.assetcatalog; path = Assets.xcassets; sourceTree = "<group>"; };
		5C73B23521E1EEA0007D520A /* Base */ = {isa = PBXFileReference; lastKnownFileType = file.storyboard; name = Base; path = Base.lproj/LaunchScreen.storyboard; sourceTree = "<group>"; };
		5C73B23721E1EEA0007D520A /* Info.plist */ = {isa = PBXFileReference; lastKnownFileType = text.plist.xml; path = Info.plist; sourceTree = "<group>"; };
		5CB345FE21E3BB180046E590 /* SelectGenreViewController.swift */ = {isa = PBXFileReference; lastKnownFileType = sourcecode.swift; path = SelectGenreViewController.swift; sourceTree = "<group>"; };
		5CCE02C621E1F092009BE09E /* RecordWhistleViewController.swift */ = {isa = PBXFileReference; lastKnownFileType = sourcecode.swift; path = RecordWhistleViewController.swift; sourceTree = "<group>"; };
/* End PBXFileReference section */

/* Begin PBXFrameworksBuildPhase section */
		5C73B22521E1EE9E007D520A /* Frameworks */ = {
			isa = PBXFrameworksBuildPhase;
			buildActionMask = 2147483647;
			files = (
			);
			runOnlyForDeploymentPostprocessing = 0;
		};
/* End PBXFrameworksBuildPhase section */

/* Begin PBXGroup section */
		5C73B21F21E1EE9E007D520A = {
			isa = PBXGroup;
			children = (
				5C73B22A21E1EE9E007D520A /* What's that Whistle */,
				5C73B22921E1EE9E007D520A /* Products */,
			);
			sourceTree = "<group>";
		};
		5C73B22921E1EE9E007D520A /* Products */ = {
			isa = PBXGroup;
			children = (
				5C73B22821E1EE9E007D520A /* What's that Whistle.app */,
			);
			name = Products;
			sourceTree = "<group>";
		};
		5C73B22A21E1EE9E007D520A /* What's that Whistle */ = {
			isa = PBXGroup;
			children = (
				5C73B22B21E1EE9E007D520A /* AppDelegate.swift */,
				5C73B22D21E1EE9E007D520A /* ViewController.swift */,
				5CCE02C621E1F092009BE09E /* RecordWhistleViewController.swift */,
				5CB345FE21E3BB180046E590 /* SelectGenreViewController.swift */,
				5C73B22F21E1EE9E007D520A /* Main.storyboard */,
				5C73B23221E1EEA0007D520A /* Assets.xcassets */,
				5C73B23421E1EEA0007D520A /* LaunchScreen.storyboard */,
				5C73B23721E1EEA0007D520A /* Info.plist */,
			);
			path = "What's that Whistle";
			sourceTree = "<group>";
		};
/* End PBXGroup section */

/* Begin PBXNativeTarget section */
		5C73B22721E1EE9E007D520A /* What's that Whistle */ = {
			isa = PBXNativeTarget;
			buildConfigurationList = 5C73B23A21E1EEA0007D520A /* Build configuration list for PBXNativeTarget "What's that Whistle" */;
			buildPhases = (
				5C73B22421E1EE9E007D520A /* Sources */,
				5C73B22521E1EE9E007D520A /* Frameworks */,
				5C73B22621E1EE9E007D520A /* Resources */,
			);
			buildRules = (
			);
			dependencies = (
			);
			name = "What's that Whistle";
			productName = "What's that Whistle";
			productReference = 5C73B22821E1EE9E007D520A /* What's that Whistle.app */;
			productType = "com.apple.product-type.application";
		};
/* End PBXNativeTarget section */

/* Begin PBXProject section */
		5C73B22021E1EE9E007D520A /* Project object */ = {
			isa = PBXProject;
			attributes = {
				LastSwiftUpdateCheck = 1010;
				LastUpgradeCheck = 1010;
				ORGANIZATIONNAME = "Evgeniy Ryshkov";
				TargetAttributes = {
					5C73B22721E1EE9E007D520A = {
						CreatedOnToolsVersion = 10.1;
					};
				};
			};
			buildConfigurationList = 5C73B22321E1EE9E007D520A /* Build configuration list for PBXProject "What's that Whistle" */;
			compatibilityVersion = "Xcode 9.3";
			developmentRegion = en;
			hasScannedForEncodings = 0;
			knownRegions = (
				en,
				Base,
			);
			mainGroup = 5C73B21F21E1EE9E007D520A;
			productRefGroup = 5C73B22921E1EE9E007D520A /* Products */;
			projectDirPath = "";
			projectRoot = "";
			targets = (
				5C73B22721E1EE9E007D520A /* What's that Whistle */,
			);
		};
/* End PBXProject section */

/* Begin PBXResourcesBuildPhase section */
		5C73B22621E1EE9E007D520A /* Resources */ = {
			isa = PBXResourcesBuildPhase;
			buildActionMask = 2147483647;
			files = (
				5C73B23621E1EEA0007D520A /* LaunchScreen.storyboard in Resources */,
				5C73B23321E1EEA0007D520A /* Assets.xcassets in Resources */,
				5C73B23121E1EE9E007D520A /* Main.storyboard in Resources */,
			);
			runOnlyForDeploymentPostprocessing = 0;
		};
/* End PBXResourcesBuildPhase section */

/* Begin PBXSourcesBuildPhase section */
		5C73B22421E1EE9E007D520A /* Sources */ = {
			isa = PBXSourcesBuildPhase;
			buildActionMask = 2147483647;
			files = (
				5C73B22E21E1EE9E007D520A /* ViewController.swift in Sources */,
				5C73B22C21E1EE9E007D520A /* AppDelegate.swift in Sources */,
				5CB345FF21E3BB180046E590 /* SelectGenreViewController.swift in Sources */,
				5CCE02C721E1F092009BE09E /* RecordWhistleViewController.swift in Sources */,
			);
			runOnlyForDeploymentPostprocessing = 0;
		};
/* End PBXSourcesBuildPhase section */

/* Begin PBXVariantGroup section */
		5C73B22F21E1EE9E007D520A /* Main.storyboard */ = {
			isa = PBXVariantGroup;
			children = (
				5C73B23021E1EE9E007D520A /* Base */,
			);
			name = Main.storyboard;
			sourceTree = "<group>";
		};
		5C73B23421E1EEA0007D520A /* LaunchScreen.storyboard */ = {
			isa = PBXVariantGroup;
			children = (
				5C73B23521E1EEA0007D520A /* Base */,
			);
			name = LaunchScreen.storyboard;
			sourceTree = "<group>";
		};
/* End PBXVariantGroup section */

/* Begin XCBuildConfiguration section */
		5C73B23821E1EEA0007D520A /* Debug */ = {
			isa = XCBuildConfiguration;
			buildSettings = {
				ALWAYS_SEARCH_USER_PATHS = NO;
				CLANG_ANALYZER_NONNULL = YES;
				CLANG_ANALYZER_NUMBER_OBJECT_CONVERSION = YES_AGGRESSIVE;
				CLANG_CXX_LANGUAGE_STANDARD = "gnu++14";
				CLANG_CXX_LIBRARY = "libc++";
				CLANG_ENABLE_MODULES = YES;
				CLANG_ENABLE_OBJC_ARC = YES;
				CLANG_ENABLE_OBJC_WEAK = YES;
				CLANG_WARN_BLOCK_CAPTURE_AUTORELEASING = YES;
				CLANG_WARN_BOOL_CONVERSION = YES;
				CLANG_WARN_COMMA = YES;
				CLANG_WARN_CONSTANT_CONVERSION = YES;
				CLANG_WARN_DEPRECATED_OBJC_IMPLEMENTATIONS = YES;
				CLANG_WARN_DIRECT_OBJC_ISA_USAGE = YES_ERROR;
				CLANG_WARN_DOCUMENTATION_COMMENTS = YES;
				CLANG_WARN_EMPTY_BODY = YES;
				CLANG_WARN_ENUM_CONVERSION = YES;
				CLANG_WARN_INFINITE_RECURSION = YES;
				CLANG_WARN_INT_CONVERSION = YES;
				CLANG_WARN_NON_LITERAL_NULL_CONVERSION = YES;
				CLANG_WARN_OBJC_IMPLICIT_RETAIN_SELF = YES;
				CLANG_WARN_OBJC_LITERAL_CONVERSION = YES;
				CLANG_WARN_OBJC_ROOT_CLASS = YES_ERROR;
				CLANG_WARN_RANGE_LOOP_ANALYSIS = YES;
				CLANG_WARN_STRICT_PROTOTYPES = YES;
				CLANG_WARN_SUSPICIOUS_MOVE = YES;
				CLANG_WARN_UNGUARDED_AVAILABILITY = YES_AGGRESSIVE;
				CLANG_WARN_UNREACHABLE_CODE = YES;
				CLANG_WARN__DUPLICATE_METHOD_MATCH = YES;
				CODE_SIGN_IDENTITY = "iPhone Developer";
				COPY_PHASE_STRIP = NO;
				DEBUG_INFORMATION_FORMAT = dwarf;
				ENABLE_STRICT_OBJC_MSGSEND = YES;
				ENABLE_TESTABILITY = YES;
				GCC_C_LANGUAGE_STANDARD = gnu11;
				GCC_DYNAMIC_NO_PIC = NO;
				GCC_NO_COMMON_BLOCKS = YES;
				GCC_OPTIMIZATION_LEVEL = 0;
				GCC_PREPROCESSOR_DEFINITIONS = (
					"DEBUG=1",
					"$(inherited)",
				);
				GCC_WARN_64_TO_32_BIT_CONVERSION = YES;
				GCC_WARN_ABOUT_RETURN_TYPE = YES_ERROR;
				GCC_WARN_UNDECLARED_SELECTOR = YES;
				GCC_WARN_UNINITIALIZED_AUTOS = YES_AGGRESSIVE;
				GCC_WARN_UNUSED_FUNCTION = YES;
				GCC_WARN_UNUSED_VARIABLE = YES;
				IPHONEOS_DEPLOYMENT_TARGET = 12.1;
				MTL_ENABLE_DEBUG_INFO = INCLUDE_SOURCE;
				MTL_FAST_MATH = YES;
				ONLY_ACTIVE_ARCH = YES;
				SDKROOT = iphoneos;
				SWIFT_ACTIVE_COMPILATION_CONDITIONS = DEBUG;
				SWIFT_OPTIMIZATION_LEVEL = "-Onone";
			};
			name = Debug;
		};
		5C73B23921E1EEA0007D520A /* Release */ = {
			isa = XCBuildConfiguration;
			buildSettings = {
				ALWAYS_SEARCH_USER_PATHS = NO;
				CLANG_ANALYZER_NONNULL = YES;
				CLANG_ANALYZER_NUMBER_OBJECT_CONVERSION = YES_AGGRESSIVE;
				CLANG_CXX_LANGUAGE_STANDARD = "gnu++14";
				CLANG_CXX_LIBRARY = "libc++";
				CLANG_ENABLE_MODULES = YES;
				CLANG_ENABLE_OBJC_ARC = YES;
				CLANG_ENABLE_OBJC_WEAK = YES;
				CLANG_WARN_BLOCK_CAPTURE_AUTORELEASING = YES;
				CLANG_WARN_BOOL_CONVERSION = YES;
				CLANG_WARN_COMMA = YES;
				CLANG_WARN_CONSTANT_CONVERSION = YES;
				CLANG_WARN_DEPRECATED_OBJC_IMPLEMENTATIONS = YES;
				CLANG_WARN_DIRECT_OBJC_ISA_USAGE = YES_ERROR;
				CLANG_WARN_DOCUMENTATION_COMMENTS = YES;
				CLANG_WARN_EMPTY_BODY = YES;
				CLANG_WARN_ENUM_CONVERSION = YES;
				CLANG_WARN_INFINITE_RECURSION = YES;
				CLANG_WARN_INT_CONVERSION = YES;
				CLANG_WARN_NON_LITERAL_NULL_CONVERSION = YES;
				CLANG_WARN_OBJC_IMPLICIT_RETAIN_SELF = YES;
				CLANG_WARN_OBJC_LITERAL_CONVERSION = YES;
				CLANG_WARN_OBJC_ROOT_CLASS = YES_ERROR;
				CLANG_WARN_RANGE_LOOP_ANALYSIS = YES;
				CLANG_WARN_STRICT_PROTOTYPES = YES;
				CLANG_WARN_SUSPICIOUS_MOVE = YES;
				CLANG_WARN_UNGUARDED_AVAILABILITY = YES_AGGRESSIVE;
				CLANG_WARN_UNREACHABLE_CODE = YES;
				CLANG_WARN__DUPLICATE_METHOD_MATCH = YES;
				CODE_SIGN_IDENTITY = "iPhone Developer";
				COPY_PHASE_STRIP = NO;
				DEBUG_INFORMATION_FORMAT = "dwarf-with-dsym";
				ENABLE_NS_ASSERTIONS = NO;
				ENABLE_STRICT_OBJC_MSGSEND = YES;
				GCC_C_LANGUAGE_STANDARD = gnu11;
				GCC_NO_COMMON_BLOCKS = YES;
				GCC_WARN_64_TO_32_BIT_CONVERSION = YES;
				GCC_WARN_ABOUT_RETURN_TYPE = YES_ERROR;
				GCC_WARN_UNDECLARED_SELECTOR = YES;
				GCC_WARN_UNINITIALIZED_AUTOS = YES_AGGRESSIVE;
				GCC_WARN_UNUSED_FUNCTION = YES;
				GCC_WARN_UNUSED_VARIABLE = YES;
				IPHONEOS_DEPLOYMENT_TARGET = 12.1;
				MTL_ENABLE_DEBUG_INFO = NO;
				MTL_FAST_MATH = YES;
				SDKROOT = iphoneos;
				SWIFT_COMPILATION_MODE = wholemodule;
				SWIFT_OPTIMIZATION_LEVEL = "-O";
				VALIDATE_PRODUCT = YES;
			};
			name = Release;
		};
		5C73B23B21E1EEA0007D520A /* Debug */ = {
			isa = XCBuildConfiguration;
			buildSettings = {
				ASSETCATALOG_COMPILER_APPICON_NAME = AppIcon;
				CODE_SIGN_STYLE = Manual;
				DEVELOPMENT_TEAM = Z256VMH9HM;
				INFOPLIST_FILE = "What's that Whistle/Info.plist";
				LD_RUNPATH_SEARCH_PATHS = (
					"$(inherited)",
					"@executable_path/Frameworks",
				);
				PRODUCT_BUNDLE_IDENTIFIER = "com.dum22ns90.com1004.What-s-that-Whistle";
				PRODUCT_NAME = "$(TARGET_NAME)";
				PROVISIONING_PROFILE_SPECIFIER = 2in1;
				SWIFT_VERSION = 4.2;
				TARGETED_DEVICE_FAMILY = "1,2";
			};
			name = Debug;
		};
		5C73B23C21E1EEA0007D520A /* Release */ = {
			isa = XCBuildConfiguration;
			buildSettings = {
				ASSETCATALOG_COMPILER_APPICON_NAME = AppIcon;
				CODE_SIGN_STYLE = Manual;
				DEVELOPMENT_TEAM = Z256VMH9HM;
				INFOPLIST_FILE = "What's that Whistle/Info.plist";
				LD_RUNPATH_SEARCH_PATHS = (
					"$(inherited)",
					"@executable_path/Frameworks",
				);
				PRODUCT_BUNDLE_IDENTIFIER = "com.dum22ns90.com1004.What-s-that-Whistle";
				PRODUCT_NAME = "$(TARGET_NAME)";
				PROVISIONING_PROFILE_SPECIFIER = 2in1;
				SWIFT_VERSION = 4.2;
				TARGETED_DEVICE_FAMILY = "1,2";
			};
			name = Release;
		};
/* End XCBuildConfiguration section */

/* Begin XCConfigurationList section */
		5C73B22321E1EE9E007D520A /* Build configuration list for PBXProject "What's that Whistle" */ = {
			isa = XCConfigurationList;
			buildConfigurations = (
				5C73B23821E1EEA0007D520A /* Debug */,
				5C73B23921E1EEA0007D520A /* Release */,
			);
			defaultConfigurationIsVisible = 0;
			defaultConfigurationName = Release;
		};
		5C73B23A21E1EEA0007D520A /* Build configuration list for PBXNativeTarget "What's that Whistle" */ = {
			isa = XCConfigurationList;
			buildConfigurations = (
				5C73B23B21E1EEA0007D520A /* Debug */,
				5C73B23C21E1EEA0007D520A /* Release */,
			);
			defaultConfigurationIsVisible = 0;
			defaultConfigurationName = Release;
		};
/* End XCConfigurationList section */
	};
	rootObject = 5C73B22021E1EE9E007D520A /* Project object */;
}
